{
  "name": "12",
  "version": "1.0.0",
  "lockfileVersion": 2,
  "requires": true,
  "packages": {
    "": {
      "name": "12",
      "version": "1.0.0",
      "license": "ISC",
      "dependencies": {
        "astar": "^0.0.1",
        "dimdal-pathfinder": "^1.0.2",
        "javascript-astar": "^0.4.1",
        "underscore": "^1.13.6"
      }
    },
    "node_modules/astar": {
      "version": "0.0.1",
      "resolved": "https://registry.npmjs.org/astar/-/astar-0.0.1.tgz",
      "integrity": "sha512-MvGeJJxysq3UOXTq9cS1JxV5goUdqsHv8DlxrzoiR44iB2m9PzRXtl/3t3snfVur6fcDO88wt7P5Nky/ZUb43w==",
      "engines": {
        "node": ">= 0.4.0"
      }
    },
    "node_modules/dimdal-pathfinder": {
      "version": "1.0.2",
      "resolved": "https://registry.npmjs.org/dimdal-pathfinder/-/dimdal-pathfinder-1.0.2.tgz",
      "integrity": "sha512-cMY/ZtGo3+OMXhafu1mqxTY9B6OJifmD8HUh7kf9Ngg+BcZzKy7gJrTt/3SJ3xB3vpIhexQ2o2yLgvWF2E2AaQ==",
      "dependencies": {
        "es6-promise": "^2.1.1",
        "fibonacciheap": "^1.0.1",
        "webworkify": "^1.0.2"
      }
    },
    "node_modules/es6-promise": {
      "version": "2.3.0",
      "resolved": "https://registry.npmjs.org/es6-promise/-/es6-promise-2.3.0.tgz",
      "integrity": "sha512-oyOjMhyKMLEjOOtvkwg0G4pAzLQ9WdbbeX7WdqKzvYXu+UFgD0Zo/Brq5Q49zNmnGPPzV5rmYvrr0jz1zWx8Iw=="
    },
    "node_modules/fibonacciheap": {
      "version": "1.0.5",
      "resolved": "https://registry.npmjs.org/fibonacciheap/-/fibonacciheap-1.0.5.tgz",
      "integrity": "sha512-5heKCWHfW6oPl/LYMvsVtDsP3lIO+wSU3IKusA6F5VarOcxiadrRRxVhvhLp9DXG1jNWInIZIzooKzCN8tW6NA=="
    },
    "node_modules/javascript-astar": {
      "version": "0.4.1",
      "resolved": "https://registry.npmjs.org/javascript-astar/-/javascript-astar-0.4.1.tgz",
      "integrity": "sha512-/SlmWkL/Ww0tu737MLvKMe2LC4sr081bL4YOgwgugFbKUjxTuQ6WLzGkibCo4buubWo0yT52bbHZlhwcwAYCzQ=="
    },
    "node_modules/underscore": {
      "version": "1.13.6",
      "resolved": "https://registry.npmjs.org/underscore/-/underscore-1.13.6.tgz",
      "integrity": "sha512-+A5Sja4HP1M08MaXya7p5LvjuM7K6q/2EaC0+iovj/wOcMsTzMvDFbasi/oSapiwOlt252IqsKqPjCl7huKS0A=="
    },
    "node_modules/webworkify": {
      "version": "1.5.0",
      "resolved": "https://registry.npmjs.org/webworkify/-/webworkify-1.5.0.tgz",
      "integrity": "sha512-AMcUeyXAhbACL8S2hqqdqOLqvJ8ylmIbNwUIqQujRSouf4+eUFaXbG6F1Rbu+srlJMmxQWsiU7mOJi0nMBfM1g=="
    }
  },
  "dependencies": {
    "astar": {
      "version": "0.0.1",
      "resolved": "https://registry.npmjs.org/astar/-/astar-0.0.1.tgz",
      "integrity": "sha512-MvGeJJxysq3UOXTq9cS1JxV5goUdqsHv8DlxrzoiR44iB2m9PzRXtl/3t3snfVur6fcDO88wt7P5Nky/ZUb43w=="
    },
    "dimdal-pathfinder": {
      "version": "1.0.2",
      "resolved": "https://registry.npmjs.org/dimdal-pathfinder/-/dimdal-pathfinder-1.0.2.tgz",
      "integrity": "sha512-cMY/ZtGo3+OMXhafu1mqxTY9B6OJifmD8HUh7kf9Ngg+BcZzKy7gJrTt/3SJ3xB3vpIhexQ2o2yLgvWF2E2AaQ==",
      "requires": {
        "es6-promise": "^2.1.1",
        "fibonacciheap": "^1.0.1",
        "webworkify": "^1.0.2"
      }
    },
    "es6-promise": {
      "version": "2.3.0",
      "resolved": "https://registry.npmjs.org/es6-promise/-/es6-promise-2.3.0.tgz",
      "integrity": "sha512-oyOjMhyKMLEjOOtvkwg0G4pAzLQ9WdbbeX7WdqKzvYXu+UFgD0Zo/Brq5Q49zNmnGPPzV5rmYvrr0jz1zWx8Iw=="
    },
    "fibonacciheap": {
      "version": "1.0.5",
      "resolved": "https://registry.npmjs.org/fibonacciheap/-/fibonacciheap-1.0.5.tgz",
      "integrity": "sha512-5heKCWHfW6oPl/LYMvsVtDsP3lIO+wSU3IKusA6F5VarOcxiadrRRxVhvhLp9DXG1jNWInIZIzooKzCN8tW6NA=="
    },
    "javascript-astar": {
      "version": "0.4.1",
      "resolved": "https://registry.npmjs.org/javascript-astar/-/javascript-astar-0.4.1.tgz",
      "integrity": "sha512-/SlmWkL/Ww0tu737MLvKMe2LC4sr081bL4YOgwgugFbKUjxTuQ6WLzGkibCo4buubWo0yT52bbHZlhwcwAYCzQ=="
    },
    "underscore": {
      "version": "1.13.6",
      "resolved": "https://registry.npmjs.org/underscore/-/underscore-1.13.6.tgz",
      "integrity": "sha512-+A5Sja4HP1M08MaXya7p5LvjuM7K6q/2EaC0+iovj/wOcMsTzMvDFbasi/oSapiwOlt252IqsKqPjCl7huKS0A=="
    },
    "webworkify": {
      "version": "1.5.0",
      "resolved": "https://registry.npmjs.org/webworkify/-/webworkify-1.5.0.tgz",
      "integrity": "sha512-AMcUeyXAhbACL8S2hqqdqOLqvJ8ylmIbNwUIqQujRSouf4+eUFaXbG6F1Rbu+srlJMmxQWsiU7mOJi0nMBfM1g=="
    }
  }
}
